PODS:
  - OHHTTPStubs (4.6.0):
    - OHHTTPStubs/Default (= 4.6.0)
  - OHHTTPStubs/Core (4.6.0)
  - OHHTTPStubs/Default (4.6.0):
    - OHHTTPStubs/Core
    - OHHTTPStubs/JSON
    - OHHTTPStubs/NSURLSession
    - OHHTTPStubs/OHPathHelpers
  - OHHTTPStubs/JSON (4.6.0):
    - OHHTTPStubs/Core
  - OHHTTPStubs/NSURLSession (4.6.0):
    - OHHTTPStubs/Core
  - OHHTTPStubs/OHPathHelpers (4.6.0)

DEPENDENCIES:
  - OHHTTPStubs

SPEC CHECKSUMS:
  OHHTTPStubs: cb1aefbbeb4de4e741644455d4b945538e5248a2

PODFILE CHECKSUM: ca5f48dc0f0cc4e52c547f575249a96e8e41d21b

COCOAPODS: 0.39.0
